
Microsoft Visual Studio Solution File, Format Version 12.00
# Visual Studio Version 17
VisualStudioVersion = 17.0.31903.59
MinimumVisualStudioVersion = 10.0.40219.1
Project("{2150E333-8FDC-42A3-9474-1A3956D46DE8}") = "Services", "Services", "{16F83265-4B22-499E-B7CC-692999597F90}"
EndProject
Project("{FAE04EC0-301F-11D3-BF4B-00C04F79EFBC}") = "PriceService", "Services\PriceService\PriceService.csproj", "{696F5B26-BD75-49D1-8AC1-7B812C5B0927}"
EndProject
Project("{FAE04EC0-301F-11D3-BF4B-00C04F79EFBC}") = "BookingService", "Services\BookingService\BookingService.csproj", "{2E9B901B-B135-4AA5-AD6E-823EE9F467D3}"
EndProject
Global
	GlobalSection(SolutionConfigurationPlatforms) = preSolution
		Debug|Any CPU = Debug|Any CPU
		Release|Any CPU = Release|Any CPU
	EndGlobalSection
	GlobalSection(SolutionProperties) = preSolution
		HideSolutionNode = FALSE
	EndGlobalSection
	GlobalSection(ProjectConfigurationPlatforms) = postSolution
		{696F5B26-BD75-49D1-8AC1-7B812C5B0927}.Debug|Any CPU.ActiveCfg = Debug|Any CPU
		{696F5B26-BD75-49D1-8AC1-7B812C5B0927}.Debug|Any CPU.Build.0 = Debug|Any CPU
		{696F5B26-BD75-49D1-8AC1-7B812C5B0927}.Release|Any CPU.ActiveCfg = Release|Any CPU
		{696F5B26-BD75-49D1-8AC1-7B812C5B0927}.Release|Any CPU.Build.0 = Release|Any CPU
		{2E9B901B-B135-4AA5-AD6E-823EE9F467D3}.Debug|Any CPU.ActiveCfg = Debug|Any CPU
		{2E9B901B-B135-4AA5-AD6E-823EE9F467D3}.Debug|Any CPU.Build.0 = Debug|Any CPU
		{2E9B901B-B135-4AA5-AD6E-823EE9F467D3}.Release|Any CPU.ActiveCfg = Release|Any CPU
		{2E9B901B-B135-4AA5-AD6E-823EE9F467D3}.Release|Any CPU.Build.0 = Release|Any CPU
	EndGlobalSection
	GlobalSection(NestedProjects) = preSolution
		{696F5B26-BD75-49D1-8AC1-7B812C5B0927} = {16F83265-4B22-499E-B7CC-692999597F90}
		{2E9B901B-B135-4AA5-AD6E-823EE9F467D3} = {16F83265-4B22-499E-B7CC-692999597F90}
	EndGlobalSection
EndGlobal
